{
  "name": "moviegallery",
  "version": "1.0.0",
  "lockfileVersion": 1,
  "requires": true,
  "dependencies": {
    "argsparser": {
      "version": "0.0.7",
      "resolved": "https://registry.npmjs.org/argsparser/-/argsparser-0.0.7.tgz",
      "integrity": "sha1-QcheDD3nV7NQ8S5u0OSQsegtvgY=",
      "dev": true
    },
    "browsify": {
      "version": "0.0.4",
      "resolved": "https://registry.npmjs.org/browsify/-/browsify-0.0.4.tgz",
      "integrity": "sha1-Z6j531hQ60Qlgfc0oojYTX1fz08=",
      "dev": true,
      "requires": {
        "argsparser": "0.0.x",
        "jWorkflow": "*"
      }
    },
    "fitvids": {
      "version": "2.0.0",
      "resolved": "https://registry.npmjs.org/fitvids/-/fitvids-2.0.0.tgz",
      "integrity": "sha1-t7t6GduD+gIan5gLbwLoKy42Ysg=",
      "dev": true
    },
    "jWorkflow": {
      "version": "0.9.0",
      "resolved": "https://registry.npmjs.org/jWorkflow/-/jWorkflow-0.9.0.tgz",
      "integrity": "sha1-96s4Vk3fqeuqOaf2TbzahhwSySs=",
      "dev": true
    },
    "uniq": {
      "version": "1.0.1",
      "resolved": "https://registry.npmjs.org/uniq/-/uniq-1.0.1.tgz",
      "integrity": "sha1-sxxa6CVIRKOoKBVBzisEuGWnNP8=",
      "dev": true
    }
  }
}
